// !$*UTF8*$!
{
	archiveVersion = 1;
	classes = {
	};
	objectVersion = 46;
	objects = {

/* Begin PBXBuildFile section */
		0303D6CD1BD8C4E30024399D /* main.m in Sources */ = {isa = PBXBuildFile; fileRef = 0303D6CC1BD8C4E30024399D /* main.m */; };
		0303D6D01BD8C4E30024399D /* AppDelegate.m in Sources */ = {isa = PBXBuildFile; fileRef = 0303D6CF1BD8C4E30024399D /* AppDelegate.m */; };
		0303D6D81BD8C4E30024399D /* Images.xcassets in Resources */ = {isa = PBXBuildFile; fileRef = 0303D6D71BD8C4E30024399D /* Images.xcassets */; };
		0303D6E71BD8C4E40024399D /* MyProjectTests.m in Sources */ = {isa = PBXBuildFile; fileRef = 0303D6E61BD8C4E40024399D /* MyProjectTests.m */; };
		0303D6F71BD8CE1F0024399D /* README.md in Sources */ = {isa = PBXBuildFile; fileRef = 0303D6F61BD8CE1F0024399D /* README.md */; };
		0303D6F91BD8CE3E0024399D /* md文件格式.md in Sources */ = {isa = PBXBuildFile; fileRef = 0303D6F81BD8CE3E0024399D /* md文件格式.md */; };
		0303D7041BD8D9EE0024399D /* 模块文件依赖关系.md in Sources */ = {isa = PBXBuildFile; fileRef = 0303D7031BD8D9EE0024399D /* 模块文件依赖关系.md */; };
		0303D70E1BD8E0CE0024399D /* UIView+AJAddition.m in Sources */ = {isa = PBXBuildFile; fileRef = 0303D70D1BD8E0CE0024399D /* UIView+AJAddition.m */; };
		0303D7101BD8E1970024399D /* 开发规范.md in Sources */ = {isa = PBXBuildFile; fileRef = 0303D70F1BD8E1970024399D /* 开发规范.md */; };
		0303D7151BD8E6060024399D /* AJColorManager.m in Sources */ = {isa = PBXBuildFile; fileRef = 0303D7141BD8E6060024399D /* AJColorManager.m */; };
		0303D7181BD8FADA0024399D /* NSObject+AJAddition.m in Sources */ = {isa = PBXBuildFile; fileRef = 0303D7171BD8FADA0024399D /* NSObject+AJAddition.m */; };
		0303D7231BD8FC3E0024399D /* UIControl+AJAddition.m in Sources */ = {isa = PBXBuildFile; fileRef = 0303D7191BD8FC3E0024399D /* UIControl+AJAddition.m */; };
		0303D7241BD8FC3E0024399D /* UILabel+AJAddition.m in Sources */ = {isa = PBXBuildFile; fileRef = 0303D71B1BD8FC3E0024399D /* UILabel+AJAddition.m */; };
		0303D7261BD8FC3E0024399D /* NSString+AJAddition.m in Sources */ = {isa = PBXBuildFile; fileRef = 0303D7201BD8FC3E0024399D /* NSString+AJAddition.m */; };
		0303D7271BD8FC3E0024399D /* UIImage+AJAddition.m in Sources */ = {isa = PBXBuildFile; fileRef = 0303D7221BD8FC3E0024399D /* UIImage+AJAddition.m */; };
		030900CA1BDB97B70073DAA7 /* DMNaviService.m in Sources */ = {isa = PBXBuildFile; fileRef = 030900C91BDB97B70073DAA7 /* DMNaviService.m */; };
		03125BF21C4A7B0D00FFCA26 /* AJSectionItem.m in Sources */ = {isa = PBXBuildFile; fileRef = 03125BEF1C4A7B0D00FFCA26 /* AJSectionItem.m */; };
		03125BF31C4A7B0D00FFCA26 /* AJTableView.m in Sources */ = {isa = PBXBuildFile; fileRef = 03125BF11C4A7B0D00FFCA26 /* AJTableView.m */; };
		031640261BE206D800526D8A /* UINavigationController+FDFullscreenPopGesture.m in Sources */ = {isa = PBXBuildFile; fileRef = 031640251BE206D800526D8A /* UINavigationController+FDFullscreenPopGesture.m */; };
		031640321BE2449E00526D8A /* AJSettings.m in Sources */ = {isa = PBXBuildFile; fileRef = 031640301BE2449E00526D8A /* AJSettings.m */; };
		032D4EB41C47A94500F9F01C /* NSObject+AJViewModel.m in Sources */ = {isa = PBXBuildFile; fileRef = 032D4EB31C47A94500F9F01C /* NSObject+AJViewModel.m */; };
		032D4EBF1C47AE5700F9F01C /* ALView+PureLayout.m in Sources */ = {isa = PBXBuildFile; fileRef = 032D4EB71C47AE5700F9F01C /* ALView+PureLayout.m */; };
		032D4EC01C47AE5700F9F01C /* NSArray+PureLayout.m in Sources */ = {isa = PBXBuildFile; fileRef = 032D4EB91C47AE5700F9F01C /* NSArray+PureLayout.m */; };
		032D4EC11C47AE5700F9F01C /* NSLayoutConstraint+PureLayout.m in Sources */ = {isa = PBXBuildFile; fileRef = 032D4EBB1C47AE5700F9F01C /* NSLayoutConstraint+PureLayout.m */; };
		032D4EC71C48A31F00F9F01C /* DMHomeTableView.m in Sources */ = {isa = PBXBuildFile; fileRef = 032D4EC61C48A31F00F9F01C /* DMHomeTableView.m */; };
		032D4ECD1C48D57600F9F01C /* DMHomeCell.m in Sources */ = {isa = PBXBuildFile; fileRef = 032D4ECC1C48D57600F9F01C /* DMHomeCell.m */; };
		032D4ED01C48D61700F9F01C /* DMHomeCellItem.m in Sources */ = {isa = PBXBuildFile; fileRef = 032D4ECF1C48D61700F9F01C /* DMHomeCellItem.m */; };
		03517AB71C1534CE00B64AC5 /* DMAnimation1ViewController.m in Sources */ = {isa = PBXBuildFile; fileRef = 03517AB61C1534CE00B64AC5 /* DMAnimation1ViewController.m */; };
		03517AB91C1538BC00B64AC5 /* ios动画.md in Sources */ = {isa = PBXBuildFile; fileRef = 03517AB81C1538BC00B64AC5 /* ios动画.md */; };
		03517ABC1C16C48500B64AC5 /* DMImageViewAnimation.m in Sources */ = {isa = PBXBuildFile; fileRef = 03517ABB1C16C48500B64AC5 /* DMImageViewAnimation.m */; };
		03517ABF1C16D45100B64AC5 /* APRoundedButton.m in Sources */ = {isa = PBXBuildFile; fileRef = 03517ABE1C16D45100B64AC5 /* APRoundedButton.m */; };
		03517AC51C17CEE200B64AC5 /* UIScrollView+AJAddition.m in Sources */ = {isa = PBXBuildFile; fileRef = 03517AC41C17CEE200B64AC5 /* UIScrollView+AJAddition.m */; };
		037635661C02224E00F9E1BF /* 布局方法探讨.md in Sources */ = {isa = PBXBuildFile; fileRef = 037635651C02224E00F9E1BF /* 布局方法探讨.md */; };
		03915E791BE9DC2600D77F5F /* DMUICommon.m in Sources */ = {isa = PBXBuildFile; fileRef = 03915E781BE9DC2600D77F5F /* DMUICommon.m */; };
		03F6B5521BE869FE00E3C47D /* TBCityCoreTextAttribute.m in Sources */ = {isa = PBXBuildFile; fileRef = 03F6B54B1BE869FE00E3C47D /* TBCityCoreTextAttribute.m */; };
		03F6B5531BE869FE00E3C47D /* TBCityCoreTextLabel.m in Sources */ = {isa = PBXBuildFile; fileRef = 03F6B54D1BE869FE00E3C47D /* TBCityCoreTextLabel.m */; };
		03F6B5541BE869FE00E3C47D /* TBCityCoreTextManager.m in Sources */ = {isa = PBXBuildFile; fileRef = 03F6B54F1BE869FE00E3C47D /* TBCityCoreTextManager.m */; };
		03F6B5551BE869FE00E3C47D /* TBCityCoreTextParser.m in Sources */ = {isa = PBXBuildFile; fileRef = 03F6B5511BE869FE00E3C47D /* TBCityCoreTextParser.m */; };
		03F6B5581BE86A3700E3C47D /* TBCityColorManager.m in Sources */ = {isa = PBXBuildFile; fileRef = 03F6B5571BE86A3700E3C47D /* TBCityColorManager.m */; };
		03F6B55B1BE8970700E3C47D /* TBCityCoreTextDemoViewController.m in Sources */ = {isa = PBXBuildFile; fileRef = 03F6B5591BE8970700E3C47D /* TBCityCoreTextDemoViewController.m */; };
		03F9A4A01BE0E39000E492F6 /* MBProgressHUD.m in Sources */ = {isa = PBXBuildFile; fileRef = 03F9A49F1BE0E39000E492F6 /* MBProgressHUD.m */; };
		03FA194C1BEB113A00DD1DAC /* UIViewController+DMNavi.m in Sources */ = {isa = PBXBuildFile; fileRef = 03FA194B1BEB113A00DD1DAC /* UIViewController+DMNavi.m */; };
		03FA19591BEB2D2A00DD1DAC /* MKCache.m in Sources */ = {isa = PBXBuildFile; fileRef = 03FA19501BEB2D2A00DD1DAC /* MKCache.m */; };
		03FA195A1BEB2D2A00DD1DAC /* MKNetworkHost.m in Sources */ = {isa = PBXBuildFile; fileRef = 03FA19521BEB2D2A00DD1DAC /* MKNetworkHost.m */; };
		03FA195B1BEB2D2A00DD1DAC /* MKNetworkRequest.m in Sources */ = {isa = PBXBuildFile; fileRef = 03FA19551BEB2D2A00DD1DAC /* MKNetworkRequest.m */; };
		03FA195C1BEB2D2A00DD1DAC /* MKObject.m in Sources */ = {isa = PBXBuildFile; fileRef = 03FA19571BEB2D2A00DD1DAC /* MKObject.m */; };
		03FA196F1BEB2E6300DD1DAC /* NSDate+RFC1123.m in Sources */ = {isa = PBXBuildFile; fileRef = 03FA19611BEB2E6300DD1DAC /* NSDate+RFC1123.m */; };
		03FA19701BEB2E6300DD1DAC /* NSDictionary+MKNKAdditions.m in Sources */ = {isa = PBXBuildFile; fileRef = 03FA19631BEB2E6300DD1DAC /* NSDictionary+MKNKAdditions.m */; };
		03FA19711BEB2E6300DD1DAC /* NSHTTPURLResponse+MKNKAdditions.m in Sources */ = {isa = PBXBuildFile; fileRef = 03FA19651BEB2E6300DD1DAC /* NSHTTPURLResponse+MKNKAdditions.m */; };
		03FA19721BEB2E6300DD1DAC /* NSMutableDictionary+MKNKAdditions.m in Sources */ = {isa = PBXBuildFile; fileRef = 03FA19671BEB2E6300DD1DAC /* NSMutableDictionary+MKNKAdditions.m */; };
		03FA19731BEB2E6300DD1DAC /* NSString+MKNKAdditions.m in Sources */ = {isa = PBXBuildFile; fileRef = 03FA19691BEB2E6300DD1DAC /* NSString+MKNKAdditions.m */; };
		03FA19741BEB2E6300DD1DAC /* UIAlertView+MKNKAdditions.m in Sources */ = {isa = PBXBuildFile; fileRef = 03FA196B1BEB2E6300DD1DAC /* UIAlertView+MKNKAdditions.m */; };
		03FA19751BEB2E6300DD1DAC /* UIImageView+MKNKAdditions.m in Sources */ = {isa = PBXBuildFile; fileRef = 03FA196D1BEB2E6300DD1DAC /* UIImageView+MKNKAdditions.m */; };
		03FA7D771BEC7144006E8396 /* DMAutoLayoutViewController.m in Sources */ = {isa = PBXBuildFile; fileRef = 03FA7D761BEC7144006E8396 /* DMAutoLayoutViewController.m */; };
		03FA7D791BEC73C1006E8396 /* 相对布局方案.md in Sources */ = {isa = PBXBuildFile; fileRef = 03FA7D781BEC73C1006E8396 /* 相对布局方案.md */; };
		03FAACF01BF0386200558230 /* Tag方案.md in Sources */ = {isa = PBXBuildFile; fileRef = 03FAACEF1BF0386200558230 /* Tag方案.md */; };
		03FD93C91BDF1AA100DCC673 /* iconfont.ttf in Resources */ = {isa = PBXBuildFile; fileRef = 03FD93C81BDF1AA100DCC673 /* iconfont.ttf */; };
		03FD93CF1BDF58D300DCC673 /* UIScrollView+AJRefreshBase.m in Sources */ = {isa = PBXBuildFile; fileRef = 03FD93CB1BDF58D300DCC673 /* UIScrollView+AJRefreshBase.m */; };
		03FD93D01BDF58D300DCC673 /* AJRefreshViewBase.m in Sources */ = {isa = PBXBuildFile; fileRef = 03FD93CD1BDF58D300DCC673 /* AJRefreshViewBase.m */; };
		03FD93D81BDF5FEA00DCC673 /* UIScrollView+DMRefresh.m in Sources */ = {isa = PBXBuildFile; fileRef = 03FD93D21BDF5FEA00DCC673 /* UIScrollView+DMRefresh.m */; };
		03FD93D91BDF5FEA00DCC673 /* DMRefreshHeaderView.m in Sources */ = {isa = PBXBuildFile; fileRef = 03FD93D41BDF5FEA00DCC673 /* DMRefreshHeaderView.m */; };
		03FD93DA1BDF5FEA00DCC673 /* DMRefreshFooterView.m in Sources */ = {isa = PBXBuildFile; fileRef = 03FD93D61BDF5FEA00DCC673 /* DMRefreshFooterView.m */; };
		03FD93DD1BDF718C00DCC673 /* AJDeallocObject.m in Sources */ = {isa = PBXBuildFile; fileRef = 03FD93DC1BDF718C00DCC673 /* AJDeallocObject.m */; };
		03FFBB5C1BDE2F65008B51E1 /* DMStatusBarDebugWindow.m in Sources */ = {isa = PBXBuildFile; fileRef = 03FFBB5A1BDE2F65008B51E1 /* DMStatusBarDebugWindow.m */; };
		03FFBB601BDE308D008B51E1 /* AJUtil.m in Sources */ = {isa = PBXBuildFile; fileRef = 03FFBB5F1BDE308D008B51E1 /* AJUtil.m */; };
		03FFBB661BDE31DC008B51E1 /* DMDebugViewController.m in Sources */ = {isa = PBXBuildFile; fileRef = 03FFBB621BDE31DC008B51E1 /* DMDebugViewController.m */; };
		03FFBB671BDE31DC008B51E1 /* DMDebugViewModel.m in Sources */ = {isa = PBXBuildFile; fileRef = 03FFBB631BDE31DC008B51E1 /* DMDebugViewModel.m */; };
		03FFBB6C1BDE4B8A008B51E1 /* DMHomeViewController.m in Sources */ = {isa = PBXBuildFile; fileRef = 03FFBB6B1BDE4B8A008B51E1 /* DMHomeViewController.m */; };
		03FFBB6F1BDE4BA6008B51E1 /* DMHomeViewModel.m in Sources */ = {isa = PBXBuildFile; fileRef = 03FFBB6E1BDE4BA6008B51E1 /* DMHomeViewModel.m */; };
		03FFBB731BDE5660008B51E1 /* DMTabHomeViewController.m in Sources */ = {isa = PBXBuildFile; fileRef = 03FFBB721BDE5660008B51E1 /* DMTabHomeViewController.m */; };
		03FFBB761BDE567B008B51E1 /* DMTabHomeViewModel.m in Sources */ = {isa = PBXBuildFile; fileRef = 03FFBB751BDE567B008B51E1 /* DMTabHomeViewModel.m */; };
		03FFBB7D1BDE5B90008B51E1 /* AJIconFont.m in Sources */ = {isa = PBXBuildFile; fileRef = 03FFBB7C1BDE5B90008B51E1 /* AJIconFont.m */; };
/* End PBXBuildFile section */

/* Begin PBXContainerItemProxy section */
		0303D6E11BD8C4E40024399D /* PBXContainerItemProxy */ = {
			isa = PBXContainerItemProxy;
			containerPortal = 0303D6BF1BD8C4E30024399D /* Project object */;
			proxyType = 1;
			remoteGlobalIDString = 0303D6C61BD8C4E30024399D;
			remoteInfo = MyProject;
		};
/* End PBXContainerItemProxy section */

/* Begin PBXFileReference section */
		0303D6C71BD8C4E30024399D /* MyProject.app */ = {isa = PBXFileReference; explicitFileType = wrapper.application; includeInIndex = 0; path = MyProject.app; sourceTree = BUILT_PRODUCTS_DIR; };
		0303D6CB1BD8C4E30024399D /* Info.plist */ = {isa = PBXFileReference; lastKnownFileType = text.plist.xml; path = Info.plist; sourceTree = "<group>"; };
		0303D6CC1BD8C4E30024399D /* main.m */ = {isa = PBXFileReference; lastKnownFileType = sourcecode.c.objc; path = main.m; sourceTree = "<group>"; };
		0303D6CE1BD8C4E30024399D /* AppDelegate.h */ = {isa = PBXFileReference; lastKnownFileType = sourcecode.c.h; path = AppDelegate.h; sourceTree = "<group>"; };
		0303D6CF1BD8C4E30024399D /* AppDelegate.m */ = {isa = PBXFileReference; lastKnownFileType = sourcecode.c.objc; path = AppDelegate.m; sourceTree = "<group>"; };
		0303D6D71BD8C4E30024399D /* Images.xcassets */ = {isa = PBXFileReference; lastKnownFileType = folder.assetcatalog; path = Images.xcassets; sourceTree = "<group>"; };
		0303D6E01BD8C4E40024399D /* MyProjectTests.xctest */ = {isa = PBXFileReference; explicitFileType = wrapper.cfbundle; includeInIndex = 0; path = MyProjectTests.xctest; sourceTree = BUILT_PRODUCTS_DIR; };
		0303D6E51BD8C4E40024399D /* Info.plist */ = {isa = PBXFileReference; lastKnownFileType = text.plist.xml; path = Info.plist; sourceTree = "<group>"; };
		0303D6E61BD8C4E40024399D /* MyProjectTests.m */ = {isa = PBXFileReference; lastKnownFileType = sourcecode.c.objc; path = MyProjectTests.m; sourceTree = "<group>"; };
		0303D6F61BD8CE1F0024399D /* README.md */ = {isa = PBXFileReference; fileEncoding = 4; lastKnownFileType = net.daringfireball.markdown; name = README.md; path = ../README.md; sourceTree = "<group>"; };
		0303D6F81BD8CE3E0024399D /* md文件格式.md */ = {isa = PBXFileReference; fileEncoding = 4; lastKnownFileType = net.daringfireball.markdown; path = "md文件格式.md"; sourceTree = "<group>"; };
		0303D7031BD8D9EE0024399D /* 模块文件依赖关系.md */ = {isa = PBXFileReference; fileEncoding = 4; lastKnownFileType = net.daringfireball.markdown; path = "模块文件依赖关系.md"; sourceTree = "<group>"; };
		0303D7051BD8DADC0024399D /* AJDefine.h */ = {isa = PBXFileReference; lastKnownFileType = sourcecode.c.h; path = AJDefine.h; sourceTree = "<group>"; };
		0303D7061BD8DBDB0024399D /* MyProject.pch */ = {isa = PBXFileReference; lastKnownFileType = sourcecode.c.h; path = MyProject.pch; sourceTree = "<group>"; };
		0303D70C1BD8E0CE0024399D /* UIView+AJAddition.h */ = {isa = PBXFileReference; fileEncoding = 4; lastKnownFileType = sourcecode.c.h; path = "UIView+AJAddition.h"; sourceTree = "<group>"; };
		0303D70D1BD8E0CE0024399D /* UIView+AJAddition.m */ = {isa = PBXFileReference; fileEncoding = 4; lastKnownFileType = sourcecode.c.objc; path = "UIView+AJAddition.m"; sourceTree = "<group>"; };
		0303D70F1BD8E1970024399D /* 开发规范.md */ = {isa = PBXFileReference; fileEncoding = 4; lastKnownFileType = net.daringfireball.markdown; path = "开发规范.md"; sourceTree = "<group>"; };
		0303D7131BD8E6060024399D /* AJColorManager.h */ = {isa = PBXFileReference; fileEncoding = 4; lastKnownFileType = sourcecode.c.h; path = AJColorManager.h; sourceTree = "<group>"; };
		0303D7141BD8E6060024399D /* AJColorManager.m */ = {isa = PBXFileReference; fileEncoding = 4; lastKnownFileType = sourcecode.c.objc; path = AJColorManager.m; sourceTree = "<group>"; };
		0303D7161BD8FADA0024399D /* NSObject+AJAddition.h */ = {isa = PBXFileReference; fileEncoding = 4; lastKnownFileType = sourcecode.c.h; path = "NSObject+AJAddition.h"; sourceTree = "<group>"; };
		0303D7171BD8FADA0024399D /* NSObject+AJAddition.m */ = {isa = PBXFileReference; fileEncoding = 4; lastKnownFileType = sourcecode.c.objc; path = "NSObject+AJAddition.m"; sourceTree = "<group>"; };
		0303D7191BD8FC3E0024399D /* UIControl+AJAddition.m */ = {isa = PBXFileReference; fileEncoding = 4; lastKnownFileType = sourcecode.c.objc; path = "UIControl+AJAddition.m"; sourceTree = "<group>"; };
		0303D71A1BD8FC3E0024399D /* UILabel+AJAddition.h */ = {isa = PBXFileReference; fileEncoding = 4; lastKnownFileType = sourcecode.c.h; path = "UILabel+AJAddition.h"; sourceTree = "<group>"; };
		0303D71B1BD8FC3E0024399D /* UILabel+AJAddition.m */ = {isa = PBXFileReference; fileEncoding = 4; lastKnownFileType = sourcecode.c.objc; path = "UILabel+AJAddition.m"; sourceTree = "<group>"; };
		0303D71C1BD8FC3E0024399D /* UIControl+AJAddition.h */ = {isa = PBXFileReference; fileEncoding = 4; lastKnownFileType = sourcecode.c.h; path = "UIControl+AJAddition.h"; sourceTree = "<group>"; };
		0303D71F1BD8FC3E0024399D /* NSString+AJAddition.h */ = {isa = PBXFileReference; fileEncoding = 4; lastKnownFileType = sourcecode.c.h; path = "NSString+AJAddition.h"; sourceTree = "<group>"; };
		0303D7201BD8FC3E0024399D /* NSString+AJAddition.m */ = {isa = PBXFileReference; fileEncoding = 4; lastKnownFileType = sourcecode.c.objc; path = "NSString+AJAddition.m"; sourceTree = "<group>"; };
		0303D7211BD8FC3E0024399D /* UIImage+AJAddition.h */ = {isa = PBXFileReference; fileEncoding = 4; lastKnownFileType = sourcecode.c.h; path = "UIImage+AJAddition.h"; sourceTree = "<group>"; };
		0303D7221BD8FC3E0024399D /* UIImage+AJAddition.m */ = {isa = PBXFileReference; fileEncoding = 4; lastKnownFileType = sourcecode.c.objc; path = "UIImage+AJAddition.m"; sourceTree = "<group>"; };
		030900C81BDB97B70073DAA7 /* DMNaviService.h */ = {isa = PBXFileReference; fileEncoding = 4; lastKnownFileType = sourcecode.c.h; path = DMNaviService.h; sourceTree = "<group>"; };
		030900C91BDB97B70073DAA7 /* DMNaviService.m */ = {isa = PBXFileReference; fileEncoding = 4; lastKnownFileType = sourcecode.c.objc; path = DMNaviService.m; sourceTree = "<group>"; };
		03125BEE1C4A7B0D00FFCA26 /* AJSectionItem.h */ = {isa = PBXFileReference; fileEncoding = 4; lastKnownFileType = sourcecode.c.h; path = AJSectionItem.h; sourceTree = "<group>"; };
		03125BEF1C4A7B0D00FFCA26 /* AJSectionItem.m */ = {isa = PBXFileReference; fileEncoding = 4; lastKnownFileType = sourcecode.c.objc; path = AJSectionItem.m; sourceTree = "<group>"; };
		03125BF01C4A7B0D00FFCA26 /* AJTableView.h */ = {isa = PBXFileReference; fileEncoding = 4; lastKnownFileType = sourcecode.c.h; path = AJTableView.h; sourceTree = "<group>"; };
		03125BF11C4A7B0D00FFCA26 /* AJTableView.m */ = {isa = PBXFileReference; fileEncoding = 4; lastKnownFileType = sourcecode.c.objc; path = AJTableView.m; sourceTree = "<group>"; };
		031640241BE206D800526D8A /* UINavigationController+FDFullscreenPopGesture.h */ = {isa = PBXFileReference; fileEncoding = 4; lastKnownFileType = sourcecode.c.h; path = "UINavigationController+FDFullscreenPopGesture.h"; sourceTree = "<group>"; };
		031640251BE206D800526D8A /* UINavigationController+FDFullscreenPopGesture.m */ = {isa = PBXFileReference; fileEncoding = 4; lastKnownFileType = sourcecode.c.objc; path = "UINavigationController+FDFullscreenPopGesture.m"; sourceTree = "<group>"; };
		0316402D1BE23AA400526D8A /* DMUIDefine.h */ = {isa = PBXFileReference; fileEncoding = 4; lastKnownFileType = sourcecode.c.h; path = DMUIDefine.h; sourceTree = "<group>"; };
		0316402F1BE23E0F00526D8A /* DMSettingsDefine.h */ = {isa = PBXFileReference; lastKnownFileType = sourcecode.c.h; path = DMSettingsDefine.h; sourceTree = "<group>"; };
		031640301BE2449E00526D8A /* AJSettings.m */ = {isa = PBXFileReference; fileEncoding = 4; lastKnownFileType = sourcecode.c.objc; path = AJSettings.m; sourceTree = "<group>"; };
		031640311BE2449E00526D8A /* AJSettings.h */ = {isa = PBXFileReference; fileEncoding = 4; lastKnownFileType = sourcecode.c.h; path = AJSettings.h; sourceTree = "<group>"; };
		032D4EB21C47A94500F9F01C /* NSObject+AJViewModel.h */ = {isa = PBXFileReference; fileEncoding = 4; lastKnownFileType = sourcecode.c.h; path = "NSObject+AJViewModel.h"; sourceTree = "<group>"; };
		032D4EB31C47A94500F9F01C /* NSObject+AJViewModel.m */ = {isa = PBXFileReference; fileEncoding = 4; lastKnownFileType = sourcecode.c.objc; path = "NSObject+AJViewModel.m"; sourceTree = "<group>"; };
		032D4EB61C47AE5700F9F01C /* ALView+PureLayout.h */ = {isa = PBXFileReference; fileEncoding = 4; lastKnownFileType = sourcecode.c.h; name = "ALView+PureLayout.h"; path = "PureLayout/ALView+PureLayout.h"; sourceTree = "<group>"; };
		032D4EB71C47AE5700F9F01C /* ALView+PureLayout.m */ = {isa = PBXFileReference; fileEncoding = 4; lastKnownFileType = sourcecode.c.objc; name = "ALView+PureLayout.m"; path = "PureLayout/ALView+PureLayout.m"; sourceTree = "<group>"; };
		032D4EB81C47AE5700F9F01C /* NSArray+PureLayout.h */ = {isa = PBXFileReference; fileEncoding = 4; lastKnownFileType = sourcecode.c.h; name = "NSArray+PureLayout.h"; path = "PureLayout/NSArray+PureLayout.h"; sourceTree = "<group>"; };
		032D4EB91C47AE5700F9F01C /* NSArray+PureLayout.m */ = {isa = PBXFileReference; fileEncoding = 4; lastKnownFileType = sourcecode.c.objc; name = "NSArray+PureLayout.m"; path = "PureLayout/NSArray+PureLayout.m"; sourceTree = "<group>"; };
		032D4EBA1C47AE5700F9F01C /* NSLayoutConstraint+PureLayout.h */ = {isa = PBXFileReference; fileEncoding = 4; lastKnownFileType = sourcecode.c.h; name = "NSLayoutConstraint+PureLayout.h"; path = "PureLayout/NSLayoutConstraint+PureLayout.h"; sourceTree = "<group>"; };
		032D4EBB1C47AE5700F9F01C /* NSLayoutConstraint+PureLayout.m */ = {isa = PBXFileReference; fileEncoding = 4; lastKnownFileType = sourcecode.c.objc; name = "NSLayoutConstraint+PureLayout.m"; path = "PureLayout/NSLayoutConstraint+PureLayout.m"; sourceTree = "<group>"; };
		032D4EBC1C47AE5700F9F01C /* PureLayout.h */ = {isa = PBXFileReference; fileEncoding = 4; lastKnownFileType = sourcecode.c.h; name = PureLayout.h; path = PureLayout/PureLayout.h; sourceTree = "<group>"; };
		032D4EBD1C47AE5700F9F01C /* PureLayout+Internal.h */ = {isa = PBXFileReference; fileEncoding = 4; lastKnownFileType = sourcecode.c.h; name = "PureLayout+Internal.h"; path = "PureLayout/PureLayout+Internal.h"; sourceTree = "<group>"; };
		032D4EBE1C47AE5700F9F01C /* PureLayoutDefines.h */ = {isa = PBXFileReference; fileEncoding = 4; lastKnownFileType = sourcecode.c.h; name = PureLayoutDefines.h; path = PureLayout/PureLayoutDefines.h; sourceTree = "<group>"; };
		032D4EC51C48A31F00F9F01C /* DMHomeTableView.h */ = {isa = PBXFileReference; fileEncoding = 4; lastKnownFileType = sourcecode.c.h; path = DMHomeTableView.h; sourceTree = "<group>"; };
		032D4EC61C48A31F00F9F01C /* DMHomeTableView.m */ = {isa = PBXFileReference; fileEncoding = 4; lastKnownFileType = sourcecode.c.objc; path = DMHomeTableView.m; sourceTree = "<group>"; };
		032D4ECB1C48D57600F9F01C /* DMHomeCell.h */ = {isa = PBXFileReference; fileEncoding = 4; lastKnownFileType = sourcecode.c.h; path = DMHomeCell.h; sourceTree = "<group>"; };
		032D4ECC1C48D57600F9F01C /* DMHomeCell.m */ = {isa = PBXFileReference; fileEncoding = 4; lastKnownFileType = sourcecode.c.objc; path = DMHomeCell.m; sourceTree = "<group>"; };
		032D4ECE1C48D61700F9F01C /* DMHomeCellItem.h */ = {isa = PBXFileReference; fileEncoding = 4; lastKnownFileType = sourcecode.c.h; path = DMHomeCellItem.h; sourceTree = "<group>"; };
		032D4ECF1C48D61700F9F01C /* DMHomeCellItem.m */ = {isa = PBXFileReference; fileEncoding = 4; lastKnownFileType = sourcecode.c.objc; path = DMHomeCellItem.m; sourceTree = "<group>"; };
		03517AB51C1534CE00B64AC5 /* DMAnimation1ViewController.h */ = {isa = PBXFileReference; fileEncoding = 4; lastKnownFileType = sourcecode.c.h; path = DMAnimation1ViewController.h; sourceTree = "<group>"; };
		03517AB61C1534CE00B64AC5 /* DMAnimation1ViewController.m */ = {isa = PBXFileReference; fileEncoding = 4; lastKnownFileType = sourcecode.c.objc; path = DMAnimation1ViewController.m; sourceTree = "<group>"; };
		03517AB81C1538BC00B64AC5 /* ios动画.md */ = {isa = PBXFileReference; fileEncoding = 4; lastKnownFileType = net.daringfireball.markdown; path = "ios动画.md"; sourceTree = "<group>"; };
		03517ABA1C16C48500B64AC5 /* DMImageViewAnimation.h */ = {isa = PBXFileReference; fileEncoding = 4; lastKnownFileType = sourcecode.c.h; path = DMImageViewAnimation.h; sourceTree = "<group>"; };
		03517ABB1C16C48500B64AC5 /* DMImageViewAnimation.m */ = {isa = PBXFileReference; fileEncoding = 4; lastKnownFileType = sourcecode.c.objc; path = DMImageViewAnimation.m; sourceTree = "<group>"; };
		03517ABD1C16D45100B64AC5 /* APRoundedButton.h */ = {isa = PBXFileReference; fileEncoding = 4; lastKnownFileType = sourcecode.c.h; path = APRoundedButton.h; sourceTree = "<group>"; };
		03517ABE1C16D45100B64AC5 /* APRoundedButton.m */ = {isa = PBXFileReference; fileEncoding = 4; lastKnownFileType = sourcecode.c.objc; path = APRoundedButton.m; sourceTree = "<group>"; };
		03517AC31C17CEE200B64AC5 /* UIScrollView+AJAddition.h */ = {isa = PBXFileReference; fileEncoding = 4; lastKnownFileType = sourcecode.c.h; path = "UIScrollView+AJAddition.h"; sourceTree = "<group>"; };
		03517AC41C17CEE200B64AC5 /* UIScrollView+AJAddition.m */ = {isa = PBXFileReference; fileEncoding = 4; lastKnownFileType = sourcecode.c.objc; path = "UIScrollView+AJAddition.m"; sourceTree = "<group>"; };
		037635651C02224E00F9E1BF /* 布局方法探讨.md */ = {isa = PBXFileReference; fileEncoding = 4; lastKnownFileType = net.daringfireball.markdown; path = "布局方法探讨.md"; sourceTree = "<group>"; };
		03915E771BE9DC2600D77F5F /* DMUICommon.h */ = {isa = PBXFileReference; fileEncoding = 4; lastKnownFileType = sourcecode.c.h; path = DMUICommon.h; sourceTree = "<group>"; };
		03915E781BE9DC2600D77F5F /* DMUICommon.m */ = {isa = PBXFileReference; fileEncoding = 4; lastKnownFileType = sourcecode.c.objc; path = DMUICommon.m; sourceTree = "<group>"; };
		03F6B54A1BE869FE00E3C47D /* TBCityCoreTextAttribute.h */ = {isa = PBXFileReference; fileEncoding = 4; lastKnownFileType = sourcecode.c.h; path = TBCityCoreTextAttribute.h; sourceTree = "<group>"; };
		03F6B54B1BE869FE00E3C47D /* TBCityCoreTextAttribute.m */ = {isa = PBXFileReference; fileEncoding = 4; lastKnownFileType = sourcecode.c.objc; path = TBCityCoreTextAttribute.m; sourceTree = "<group>"; };
		03F6B54C1BE869FE00E3C47D /* TBCityCoreTextLabel.h */ = {isa = PBXFileReference; fileEncoding = 4; lastKnownFileType = sourcecode.c.h; path = TBCityCoreTextLabel.h; sourceTree = "<group>"; };
		03F6B54D1BE869FE00E3C47D /* TBCityCoreTextLabel.m */ = {isa = PBXFileReference; fileEncoding = 4; lastKnownFileType = sourcecode.c.objc; path = TBCityCoreTextLabel.m; sourceTree = "<group>"; };
		03F6B54E1BE869FE00E3C47D /* TBCityCoreTextManager.h */ = {isa = PBXFileReference; fileEncoding = 4; lastKnownFileType = sourcecode.c.h; path = TBCityCoreTextManager.h; sourceTree = "<group>"; };
		03F6B54F1BE869FE00E3C47D /* TBCityCoreTextManager.m */ = {isa = PBXFileReference; fileEncoding = 4; lastKnownFileType = sourcecode.c.objc; path = TBCityCoreTextManager.m; sourceTree = "<group>"; };
		03F6B5501BE869FE00E3C47D /* TBCityCoreTextParser.h */ = {isa = PBXFileReference; fileEncoding = 4; lastKnownFileType = sourcecode.c.h; path = TBCityCoreTextParser.h; sourceTree = "<group>"; };
		03F6B5511BE869FE00E3C47D /* TBCityCoreTextParser.m */ = {isa = PBXFileReference; fileEncoding = 4; lastKnownFileType = sourcecode.c.objc; path = TBCityCoreTextParser.m; sourceTree = "<group>"; };
		03F6B5561BE86A3700E3C47D /* TBCityColorManager.h */ = {isa = PBXFileReference; fileEncoding = 4; lastKnownFileType = sourcecode.c.h; path = TBCityColorManager.h; sourceTree = "<group>"; };
		03F6B5571BE86A3700E3C47D /* TBCityColorManager.m */ = {isa = PBXFileReference; fileEncoding = 4; lastKnownFileType = sourcecode.c.objc; path = TBCityColorManager.m; sourceTree = "<group>"; };
		03F6B5591BE8970700E3C47D /* TBCityCoreTextDemoViewController.m */ = {isa = PBXFileReference; fileEncoding = 4; lastKnownFileType = sourcecode.c.objc; path = TBCityCoreTextDemoViewController.m; sourceTree = "<group>"; };
		03F6B55A1BE8970700E3C47D /* TBCityCoreTextDemoViewController.h */ = {isa = PBXFileReference; fileEncoding = 4; lastKnownFileType = sourcecode.c.h; path = TBCityCoreTextDemoViewController.h; sourceTree = "<group>"; };
		03F9A49E1BE0E39000E492F6 /* MBProgressHUD.h */ = {isa = PBXFileReference; fileEncoding = 4; lastKnownFileType = sourcecode.c.h; path = MBProgressHUD.h; sourceTree = "<group>"; };
		03F9A49F1BE0E39000E492F6 /* MBProgressHUD.m */ = {isa = PBXFileReference; fileEncoding = 4; lastKnownFileType = sourcecode.c.objc; path = MBProgressHUD.m; sourceTree = "<group>"; };
		03FA194A1BEB113A00DD1DAC /* UIViewController+DMNavi.h */ = {isa = PBXFileReference; fileEncoding = 4; lastKnownFileType = sourcecode.c.h; path = "UIViewController+DMNavi.h"; sourceTree = "<group>"; };
		03FA194B1BEB113A00DD1DAC /* UIViewController+DMNavi.m */ = {isa = PBXFileReference; fileEncoding = 4; lastKnownFileType = sourcecode.c.objc; path = "UIViewController+DMNavi.m"; sourceTree = "<group>"; };
		03FA194F1BEB2D2A00DD1DAC /* MKCache.h */ = {isa = PBXFileReference; fileEncoding = 4; lastKnownFileType = sourcecode.c.h; path = MKCache.h; sourceTree = "<group>"; };
		03FA19501BEB2D2A00DD1DAC /* MKCache.m */ = {isa = PBXFileReference; fileEncoding = 4; lastKnownFileType = sourcecode.c.objc; path = MKCache.m; sourceTree = "<group>"; };
		03FA19511BEB2D2A00DD1DAC /* MKNetworkHost.h */ = {isa = PBXFileReference; fileEncoding = 4; lastKnownFileType = sourcecode.c.h; path = MKNetworkHost.h; sourceTree = "<group>"; };
		03FA19521BEB2D2A00DD1DAC /* MKNetworkHost.m */ = {isa = PBXFileReference; fileEncoding = 4; lastKnownFileType = sourcecode.c.objc; path = MKNetworkHost.m; sourceTree = "<group>"; };
		03FA19531BEB2D2A00DD1DAC /* MKNetworkKit.h */ = {isa = PBXFileReference; fileEncoding = 4; lastKnownFileType = sourcecode.c.h; path = MKNetworkKit.h; sourceTree = "<group>"; };
		03FA19541BEB2D2A00DD1DAC /* MKNetworkRequest.h */ = {isa = PBXFileReference; fileEncoding = 4; lastKnownFileType = sourcecode.c.h; path = MKNetworkRequest.h; sourceTree = "<group>"; };
		03FA19551BEB2D2A00DD1DAC /* MKNetworkRequest.m */ = {isa = PBXFileReference; fileEncoding = 4; lastKnownFileType = sourcecode.c.objc; path = MKNetworkRequest.m; sourceTree = "<group>"; };
		03FA19561BEB2D2A00DD1DAC /* MKObject.h */ = {isa = PBXFileReference; fileEncoding = 4; lastKnownFileType = sourcecode.c.h; path = MKObject.h; sourceTree = "<group>"; };
		03FA19571BEB2D2A00DD1DAC /* MKObject.m */ = {isa = PBXFileReference; fileEncoding = 4; lastKnownFileType = sourcecode.c.objc; path = MKObject.m; sourceTree = "<group>"; };
		03FA19601BEB2E6300DD1DAC /* NSDate+RFC1123.h */ = {isa = PBXFileReference; fileEncoding = 4; lastKnownFileType = sourcecode.c.h; path = "NSDate+RFC1123.h"; sourceTree = "<group>"; };
		03FA19611BEB2E6300DD1DAC /* NSDate+RFC1123.m */ = {isa = PBXFileReference; fileEncoding = 4; lastKnownFileType = sourcecode.c.objc; path = "NSDate+RFC1123.m"; sourceTree = "<group>"; };
		03FA19621BEB2E6300DD1DAC /* NSDictionary+MKNKAdditions.h */ = {isa = PBXFileReference; fileEncoding = 4; lastKnownFileType = sourcecode.c.h; path = "NSDictionary+MKNKAdditions.h"; sourceTree = "<group>"; };
		03FA19631BEB2E6300DD1DAC /* NSDictionary+MKNKAdditions.m */ = {isa = PBXFileReference; fileEncoding = 4; lastKnownFileType = sourcecode.c.objc; path = "NSDictionary+MKNKAdditions.m"; sourceTree = "<group>"; };
		03FA19641BEB2E6300DD1DAC /* NSHTTPURLResponse+MKNKAdditions.h */ = {isa = PBXFileReference; fileEncoding = 4; lastKnownFileType = sourcecode.c.h; path = "NSHTTPURLResponse+MKNKAdditions.h"; sourceTree = "<group>"; };
		03FA19651BEB2E6300DD1DAC /* NSHTTPURLResponse+MKNKAdditions.m */ = {isa = PBXFileReference; fileEncoding = 4; lastKnownFileType = sourcecode.c.objc; path = "NSHTTPURLResponse+MKNKAdditions.m"; sourceTree = "<group>"; };
		03FA19661BEB2E6300DD1DAC /* NSMutableDictionary+MKNKAdditions.h */ = {isa = PBXFileReference; fileEncoding = 4; lastKnownFileType = sourcecode.c.h; path = "NSMutableDictionary+MKNKAdditions.h"; sourceTree = "<group>"; };
		03FA19671BEB2E6300DD1DAC /* NSMutableDictionary+MKNKAdditions.m */ = {isa = PBXFileReference; fileEncoding = 4; lastKnownFileType = sourcecode.c.objc; path = "NSMutableDictionary+MKNKAdditions.m"; sourceTree = "<group>"; };
		03FA19681BEB2E6300DD1DAC /* NSString+MKNKAdditions.h */ = {isa = PBXFileReference; fileEncoding = 4; lastKnownFileType = sourcecode.c.h; path = "NSString+MKNKAdditions.h"; sourceTree = "<group>"; };
		03FA19691BEB2E6300DD1DAC /* NSString+MKNKAdditions.m */ = {isa = PBXFileReference; fileEncoding = 4; lastKnownFileType = sourcecode.c.objc; path = "NSString+MKNKAdditions.m"; sourceTree = "<group>"; };
		03FA196A1BEB2E6300DD1DAC /* UIAlertView+MKNKAdditions.h */ = {isa = PBXFileReference; fileEncoding = 4; lastKnownFileType = sourcecode.c.h; path = "UIAlertView+MKNKAdditions.h"; sourceTree = "<group>"; };
		03FA196B1BEB2E6300DD1DAC /* UIAlertView+MKNKAdditions.m */ = {isa = PBXFileReference; fileEncoding = 4; lastKnownFileType = sourcecode.c.objc; path = "UIAlertView+MKNKAdditions.m"; sourceTree = "<group>"; };
		03FA196C1BEB2E6300DD1DAC /* UIImageView+MKNKAdditions.h */ = {isa = PBXFileReference; fileEncoding = 4; lastKnownFileType = sourcecode.c.h; path = "UIImageView+MKNKAdditions.h"; sourceTree = "<group>"; };
		03FA196D1BEB2E6300DD1DAC /* UIImageView+MKNKAdditions.m */ = {isa = PBXFileReference; fileEncoding = 4; lastKnownFileType = sourcecode.c.objc; path = "UIImageView+MKNKAdditions.m"; sourceTree = "<group>"; };
		03FA7D751BEC7144006E8396 /* DMAutoLayoutViewController.h */ = {isa = PBXFileReference; fileEncoding = 4; lastKnownFileType = sourcecode.c.h; path = DMAutoLayoutViewController.h; sourceTree = "<group>"; };
		03FA7D761BEC7144006E8396 /* DMAutoLayoutViewController.m */ = {isa = PBXFileReference; fileEncoding = 4; lastKnownFileType = sourcecode.c.objc; path = DMAutoLayoutViewController.m; sourceTree = "<group>"; };
		03FA7D781BEC73C1006E8396 /* 相对布局方案.md */ = {isa = PBXFileReference; fileEncoding = 4; lastKnownFileType = net.daringfireball.markdown; path = "相对布局方案.md"; sourceTree = "<group>"; };
		03FAACEF1BF0386200558230 /* Tag方案.md */ = {isa = PBXFileReference; fileEncoding = 4; lastKnownFileType = net.daringfireball.markdown; path = "Tag方案.md"; sourceTree = "<group>"; };
		03FD93C71BDF1AA100DCC673 /* DMIconFontDef.h */ = {isa = PBXFileReference; fileEncoding = 4; lastKnownFileType = sourcecode.c.h; path = DMIconFontDef.h; sourceTree = "<group>"; };
		03FD93C81BDF1AA100DCC673 /* iconfont.ttf */ = {isa = PBXFileReference; lastKnownFileType = file; path = iconfont.ttf; sourceTree = "<group>"; };
		03FD93CB1BDF58D300DCC673 /* UIScrollView+AJRefreshBase.m */ = {isa = PBXFileReference; fileEncoding = 4; lastKnownFileType = sourcecode.c.objc; path = "UIScrollView+AJRefreshBase.m"; sourceTree = "<group>"; };
		03FD93CC1BDF58D300DCC673 /* UIScrollView+AJRefreshBase.h */ = {isa = PBXFileReference; fileEncoding = 4; lastKnownFileType = sourcecode.c.h; path = "UIScrollView+AJRefreshBase.h"; sourceTree = "<group>"; };
		03FD93CD1BDF58D300DCC673 /* AJRefreshViewBase.m */ = {isa = PBXFileReference; fileEncoding = 4; lastKnownFileType = sourcecode.c.objc; path = AJRefreshViewBase.m; sourceTree = "<group>"; };
		03FD93CE1BDF58D300DCC673 /* AJRefreshViewBase.h */ = {isa = PBXFileReference; fileEncoding = 4; lastKnownFileType = sourcecode.c.h; path = AJRefreshViewBase.h; sourceTree = "<group>"; };
		03FD93D21BDF5FEA00DCC673 /* UIScrollView+DMRefresh.m */ = {isa = PBXFileReference; fileEncoding = 4; lastKnownFileType = sourcecode.c.objc; path = "UIScrollView+DMRefresh.m"; sourceTree = "<group>"; };
		03FD93D31BDF5FEA00DCC673 /* UIScrollView+DMRefresh.h */ = {isa = PBXFileReference; fileEncoding = 4; lastKnownFileType = sourcecode.c.h; path = "UIScrollView+DMRefresh.h"; sourceTree = "<group>"; };
		03FD93D41BDF5FEA00DCC673 /* DMRefreshHeaderView.m */ = {isa = PBXFileReference; fileEncoding = 4; lastKnownFileType = sourcecode.c.objc; path = DMRefreshHeaderView.m; sourceTree = "<group>"; };
		03FD93D51BDF5FEA00DCC673 /* DMRefreshFooterView.h */ = {isa = PBXFileReference; fileEncoding = 4; lastKnownFileType = sourcecode.c.h; path = DMRefreshFooterView.h; sourceTree = "<group>"; };
		03FD93D61BDF5FEA00DCC673 /* DMRefreshFooterView.m */ = {isa = PBXFileReference; fileEncoding = 4; lastKnownFileType = sourcecode.c.objc; path = DMRefreshFooterView.m; sourceTree = "<group>"; };
		03FD93D71BDF5FEA00DCC673 /* DMRefreshHeaderView.h */ = {isa = PBXFileReference; fileEncoding = 4; lastKnownFileType = sourcecode.c.h; path = DMRefreshHeaderView.h; sourceTree = "<group>"; };
		03FD93DB1BDF718C00DCC673 /* AJDeallocObject.h */ = {isa = PBXFileReference; fileEncoding = 4; lastKnownFileType = sourcecode.c.h; path = AJDeallocObject.h; sourceTree = "<group>"; };
		03FD93DC1BDF718C00DCC673 /* AJDeallocObject.m */ = {isa = PBXFileReference; fileEncoding = 4; lastKnownFileType = sourcecode.c.objc; path = AJDeallocObject.m; sourceTree = "<group>"; };
		03FFBB5A1BDE2F65008B51E1 /* DMStatusBarDebugWindow.m */ = {isa = PBXFileReference; fileEncoding = 4; lastKnownFileType = sourcecode.c.objc; path = DMStatusBarDebugWindow.m; sourceTree = "<group>"; };
		03FFBB5B1BDE2F65008B51E1 /* DMStatusBarDebugWindow.h */ = {isa = PBXFileReference; fileEncoding = 4; lastKnownFileType = sourcecode.c.h; path = DMStatusBarDebugWindow.h; sourceTree = "<group>"; };
		03FFBB5E1BDE308D008B51E1 /* AJUtil.h */ = {isa = PBXFileReference; fileEncoding = 4; lastKnownFileType = sourcecode.c.h; path = AJUtil.h; sourceTree = "<group>"; };
		03FFBB5F1BDE308D008B51E1 /* AJUtil.m */ = {isa = PBXFileReference; fileEncoding = 4; lastKnownFileType = sourcecode.c.objc; path = AJUtil.m; sourceTree = "<group>"; };
		03FFBB621BDE31DC008B51E1 /* DMDebugViewController.m */ = {isa = PBXFileReference; fileEncoding = 4; lastKnownFileType = sourcecode.c.objc; path = DMDebugViewController.m; sourceTree = "<group>"; };
		03FFBB631BDE31DC008B51E1 /* DMDebugViewModel.m */ = {isa = PBXFileReference; fileEncoding = 4; lastKnownFileType = sourcecode.c.objc; path = DMDebugViewModel.m; sourceTree = "<group>"; };
		03FFBB641BDE31DC008B51E1 /* DMDebugViewController.h */ = {isa = PBXFileReference; fileEncoding = 4; lastKnownFileType = sourcecode.c.h; path = DMDebugViewController.h; sourceTree = "<group>"; };
		03FFBB651BDE31DC008B51E1 /* DMDebugViewModel.h */ = {isa = PBXFileReference; fileEncoding = 4; lastKnownFileType = sourcecode.c.h; path = DMDebugViewModel.h; sourceTree = "<group>"; };
		03FFBB6A1BDE4B8A008B51E1 /* DMHomeViewController.h */ = {isa = PBXFileReference; fileEncoding = 4; lastKnownFileType = sourcecode.c.h; path = DMHomeViewController.h; sourceTree = "<group>"; };
		03FFBB6B1BDE4B8A008B51E1 /* DMHomeViewController.m */ = {isa = PBXFileReference; fileEncoding = 4; lastKnownFileType = sourcecode.c.objc; path = DMHomeViewController.m; sourceTree = "<group>"; };
		03FFBB6D1BDE4BA6008B51E1 /* DMHomeViewModel.h */ = {isa = PBXFileReference; fileEncoding = 4; lastKnownFileType = sourcecode.c.h; path = DMHomeViewModel.h; sourceTree = "<group>"; };
		03FFBB6E1BDE4BA6008B51E1 /* DMHomeViewModel.m */ = {isa = PBXFileReference; fileEncoding = 4; lastKnownFileType = sourcecode.c.objc; path = DMHomeViewModel.m; sourceTree = "<group>"; };
		03FFBB711BDE5660008B51E1 /* DMTabHomeViewController.h */ = {isa = PBXFileReference; fileEncoding = 4; lastKnownFileType = sourcecode.c.h; path = DMTabHomeViewController.h; sourceTree = "<group>"; };
		03FFBB721BDE5660008B51E1 /* DMTabHomeViewController.m */ = {isa = PBXFileReference; fileEncoding = 4; lastKnownFileType = sourcecode.c.objc; path = DMTabHomeViewController.m; sourceTree = "<group>"; };
		03FFBB741BDE567B008B51E1 /* DMTabHomeViewModel.h */ = {isa = PBXFileReference; fileEncoding = 4; lastKnownFileType = sourcecode.c.h; path = DMTabHomeViewModel.h; sourceTree = "<group>"; };
		03FFBB751BDE567B008B51E1 /* DMTabHomeViewModel.m */ = {isa = PBXFileReference; fileEncoding = 4; lastKnownFileType = sourcecode.c.objc; path = DMTabHomeViewModel.m; sourceTree = "<group>"; };
		03FFBB7B1BDE5B90008B51E1 /* AJIconFont.h */ = {isa = PBXFileReference; fileEncoding = 4; lastKnownFileType = sourcecode.c.h; path = AJIconFont.h; sourceTree = "<group>"; };
		03FFBB7C1BDE5B90008B51E1 /* AJIconFont.m */ = {isa = PBXFileReference; fileEncoding = 4; lastKnownFileType = sourcecode.c.objc; path = AJIconFont.m; sourceTree = "<group>"; };
/* End PBXFileReference section */

/* Begin PBXFrameworksBuildPhase section */
		0303D6C41BD8C4E30024399D /* Frameworks */ = {
			isa = PBXFrameworksBuildPhase;
			buildActionMask = 2147483647;
			files = (
			);
			runOnlyForDeploymentPostprocessing = 0;
		};
		0303D6DD1BD8C4E40024399D /* Frameworks */ = {
			isa = PBXFrameworksBuildPhase;
			buildActionMask = 2147483647;
			files = (
			);
			runOnlyForDeploymentPostprocessing = 0;
		};
/* End PBXFrameworksBuildPhase section */

/* Begin PBXGroup section */
		0303D6BE1BD8C4E30024399D = {
			isa = PBXGroup;
			children = (
				0303D6F61BD8CE1F0024399D /* README.md */,
				0303D6C91BD8C4E30024399D /* MyProject */,
				0303D6E31BD8C4E40024399D /* MyProjectTests */,
				0303D6C81BD8C4E30024399D /* Products */,
			);
			sourceTree = "<group>";
		};
		0303D6C81BD8C4E30024399D /* Products */ = {
			isa = PBXGroup;
			children = (
				0303D6C71BD8C4E30024399D /* MyProject.app */,
				0303D6E01BD8C4E40024399D /* MyProjectTests.xctest */,
			);
			name = Products;
			sourceTree = "<group>";
		};
		0303D6C91BD8C4E30024399D /* MyProject */ = {
			isa = PBXGroup;
			children = (
				0303D6CE1BD8C4E30024399D /* AppDelegate.h */,
				0303D6CF1BD8C4E30024399D /* AppDelegate.m */,
				0303D6D71BD8C4E30024399D /* Images.xcassets */,
				0303D6F01BD8C8CF0024399D /* 业务 */,
				0303D6F11BD8C8D60024399D /* 服务 */,
				0303D6F21BD8C8F20024399D /* AJFramework */,
				0316402E1BE23C2900526D8A /* 第三方库 */,
				0303D6F51BD8CDBF0024399D /* 文档 */,
				0303D6CA1BD8C4E30024399D /* Supporting Files */,
			);
			path = MyProject;
			sourceTree = "<group>";
		};
		0303D6CA1BD8C4E30024399D /* Supporting Files */ = {
			isa = PBXGroup;
			children = (
				0303D6CB1BD8C4E30024399D /* Info.plist */,
				0303D6CC1BD8C4E30024399D /* main.m */,
				0303D7061BD8DBDB0024399D /* MyProject.pch */,
			);
			name = "Supporting Files";
			sourceTree = "<group>";
		};
		0303D6E31BD8C4E40024399D /* MyProjectTests */ = {
			isa = PBXGroup;
			children = (
				0303D6E61BD8C4E40024399D /* MyProjectTests.m */,
				0303D6E41BD8C4E40024399D /* Supporting Files */,
			);
			path = MyProjectTests;
			sourceTree = "<group>";
		};
		0303D6E41BD8C4E40024399D /* Supporting Files */ = {
			isa = PBXGroup;
			children = (
				0303D6E51BD8C4E40024399D /* Info.plist */,
			);
			name = "Supporting Files";
			sourceTree = "<group>";
		};
		0303D6F01BD8C8CF0024399D /* 业务 */ = {
			isa = PBXGroup;
			children = (
				03FFBB681BDE4B04008B51E1 /* demo */,
				03517AB41C15341700B64AC5 /* 动画 */,
				03FA7D741BEC70EB006E8396 /* 自动布局 */,
			);
			path = "业务";
			sourceTree = "<group>";
		};
		0303D6F11BD8C8D60024399D /* 服务 */ = {
			isa = PBXGroup;
			children = (
				0316402C1BE23A4600526D8A /* Define */,
				03FFBB591BDE0E43008B51E1 /* 调试 */,
				03FD93D11BDF5CE000DCC673 /* 上下拉刷新 */,
				03FD93C61BDF19D300DCC673 /* IconFont */,
				030900C71BDB96FB0073DAA7 /* 导航 */,
			);
			path = "服务";
			sourceTree = "<group>";
		};
		0303D6F21BD8C8F20024399D /* AJFramework */ = {
			isa = PBXGroup;
			children = (
				0303D7111BD8E5990024399D /* AJCommon */,
				0303D7021BD8D9AD0024399D /* AJDefine */,
				0303D70B1BD8DFF60024399D /* AJAddition */,
				0303D6FA1BD8D7240024399D /* AJBase */,
				03FD93CA1BDF585900DCC673 /* AJRefreshBase */,
				03FFBB771BDE5B22008B51E1 /* AJIconFont */,
			);
			path = AJFramework;
			sourceTree = "<group>";
		};
		0303D6F51BD8CDBF0024399D /* 文档 */ = {
			isa = PBXGroup;
			children = (
				037635651C02224E00F9E1BF /* 布局方法探讨.md */,
				0303D6F81BD8CE3E0024399D /* md文件格式.md */,
				0303D7031BD8D9EE0024399D /* 模块文件依赖关系.md */,
				0303D70F1BD8E1970024399D /* 开发规范.md */,
				03FA7D781BEC73C1006E8396 /* 相对布局方案.md */,
				03FAACEF1BF0386200558230 /* Tag方案.md */,
				03517AB81C1538BC00B64AC5 /* ios动画.md */,
			);
			path = "文档";
			sourceTree = "<group>";
		};
		0303D6FA1BD8D7240024399D /* AJBase */ = {
			isa = PBXGroup;
			children = (
				03125BEE1C4A7B0D00FFCA26 /* AJSectionItem.h */,
				03125BEF1C4A7B0D00FFCA26 /* AJSectionItem.m */,
				03125BF01C4A7B0D00FFCA26 /* AJTableView.h */,
				03125BF11C4A7B0D00FFCA26 /* AJTableView.m */,
				032D4EB21C47A94500F9F01C /* NSObject+AJViewModel.h */,
				032D4EB31C47A94500F9F01C /* NSObject+AJViewModel.m */,
			);
			path = AJBase;
			sourceTree = "<group>";
		};
		0303D7021BD8D9AD0024399D /* AJDefine */ = {
			isa = PBXGroup;
			children = (
				0303D7051BD8DADC0024399D /* AJDefine.h */,
			);
			path = AJDefine;
			sourceTree = "<group>";
		};
		0303D70B1BD8DFF60024399D /* AJAddition */ = {
			isa = PBXGroup;
			children = (
				0303D7161BD8FADA0024399D /* NSObject+AJAddition.h */,
				0303D7171BD8FADA0024399D /* NSObject+AJAddition.m */,
				0303D71F1BD8FC3E0024399D /* NSString+AJAddition.h */,
				0303D7201BD8FC3E0024399D /* NSString+AJAddition.m */,
				0303D70C1BD8E0CE0024399D /* UIView+AJAddition.h */,
				0303D70D1BD8E0CE0024399D /* UIView+AJAddition.m */,
				0303D71C1BD8FC3E0024399D /* UIControl+AJAddition.h */,
				0303D7191BD8FC3E0024399D /* UIControl+AJAddition.m */,
				0303D71A1BD8FC3E0024399D /* UILabel+AJAddition.h */,
				0303D71B1BD8FC3E0024399D /* UILabel+AJAddition.m */,
				0303D7211BD8FC3E0024399D /* UIImage+AJAddition.h */,
				0303D7221BD8FC3E0024399D /* UIImage+AJAddition.m */,
				03517AC31C17CEE200B64AC5 /* UIScrollView+AJAddition.h */,
				03517AC41C17CEE200B64AC5 /* UIScrollView+AJAddition.m */,
			);
			path = AJAddition;
			sourceTree = "<group>";
		};
		0303D7111BD8E5990024399D /* AJCommon */ = {
			isa = PBXGroup;
			children = (
				03FFBB5D1BDE3074008B51E1 /* AJUtil */,
				0303D7121BD8E5C30024399D /* AJColorManager */,
				031640281BE2398400526D8A /* AJSettings */,
			);
			path = AJCommon;
			sourceTree = "<group>";
		};
		0303D7121BD8E5C30024399D /* AJColorManager */ = {
			isa = PBXGroup;
			children = (
				0303D7131BD8E6060024399D /* AJColorManager.h */,
				0303D7141BD8E6060024399D /* AJColorManager.m */,
			);
			path = AJColorManager;
			sourceTree = "<group>";
		};
		030900C71BDB96FB0073DAA7 /* 导航 */ = {
			isa = PBXGroup;
			children = (
				030900C81BDB97B70073DAA7 /* DMNaviService.h */,
				030900C91BDB97B70073DAA7 /* DMNaviService.m */,
				03FA194A1BEB113A00DD1DAC /* UIViewController+DMNavi.h */,
				03FA194B1BEB113A00DD1DAC /* UIViewController+DMNavi.m */,
			);
			path = "导航";
			sourceTree = "<group>";
		};
		031640231BE2066200526D8A /* FDFullscreenPopGesture */ = {
			isa = PBXGroup;
			children = (
				031640241BE206D800526D8A /* UINavigationController+FDFullscreenPopGesture.h */,
				031640251BE206D800526D8A /* UINavigationController+FDFullscreenPopGesture.m */,
			);
			path = FDFullscreenPopGesture;
			sourceTree = "<group>";
		};
		031640281BE2398400526D8A /* AJSettings */ = {
			isa = PBXGroup;
			children = (
				031640311BE2449E00526D8A /* AJSettings.h */,
				031640301BE2449E00526D8A /* AJSettings.m */,
			);
			path = AJSettings;
			sourceTree = "<group>";
		};
		0316402C1BE23A4600526D8A /* Define */ = {
			isa = PBXGroup;
			children = (
				0316402D1BE23AA400526D8A /* DMUIDefine.h */,
				0316402F1BE23E0F00526D8A /* DMSettingsDefine.h */,
				03915E771BE9DC2600D77F5F /* DMUICommon.h */,
				03915E781BE9DC2600D77F5F /* DMUICommon.m */,
			);
			path = Define;
			sourceTree = "<group>";
		};
		0316402E1BE23C2900526D8A /* 第三方库 */ = {
			isa = PBXGroup;
			children = (
				032D4EB51C47AE3000F9F01C /* PureLayout */,
				03FA194D1BEB2CE500DD1DAC /* MKNetworkKit */,
				03F6B5491BE869C600E3C47D /* TBCityCoreText */,
				03F9A49D1BE0E33900E492F6 /* MBProgressHUD */,
				031640231BE2066200526D8A /* FDFullscreenPopGesture */,
			);
			path = "第三方库";
			sourceTree = "<group>";
		};
		032D4EB51C47AE3000F9F01C /* PureLayout */ = {
			isa = PBXGroup;
			children = (
				032D4EB61C47AE5700F9F01C /* ALView+PureLayout.h */,
				032D4EB71C47AE5700F9F01C /* ALView+PureLayout.m */,
				032D4EB81C47AE5700F9F01C /* NSArray+PureLayout.h */,
				032D4EB91C47AE5700F9F01C /* NSArray+PureLayout.m */,
				032D4EBA1C47AE5700F9F01C /* NSLayoutConstraint+PureLayout.h */,
				032D4EBB1C47AE5700F9F01C /* NSLayoutConstraint+PureLayout.m */,
				032D4EBC1C47AE5700F9F01C /* PureLayout.h */,
				032D4EBD1C47AE5700F9F01C /* PureLayout+Internal.h */,
				032D4EBE1C47AE5700F9F01C /* PureLayoutDefines.h */,
			);
			name = PureLayout;
			sourceTree = "<group>";
		};
		03517AB41C15341700B64AC5 /* 动画 */ = {
			isa = PBXGroup;
			children = (
				03517AB51C1534CE00B64AC5 /* DMAnimation1ViewController.h */,
				03517AB61C1534CE00B64AC5 /* DMAnimation1ViewController.m */,
				03517ABA1C16C48500B64AC5 /* DMImageViewAnimation.h */,
				03517ABB1C16C48500B64AC5 /* DMImageViewAnimation.m */,
				03517ABD1C16D45100B64AC5 /* APRoundedButton.h */,
				03517ABE1C16D45100B64AC5 /* APRoundedButton.m */,
			);
			name = "动画";
			path = "demo/动画";
			sourceTree = "<group>";
		};
		03F6B5491BE869C600E3C47D /* TBCityCoreText */ = {
			isa = PBXGroup;
			children = (
				03F6B5591BE8970700E3C47D /* TBCityCoreTextDemoViewController.m */,
				03F6B55A1BE8970700E3C47D /* TBCityCoreTextDemoViewController.h */,
				03F6B5561BE86A3700E3C47D /* TBCityColorManager.h */,
				03F6B5571BE86A3700E3C47D /* TBCityColorManager.m */,
				03F6B54A1BE869FE00E3C47D /* TBCityCoreTextAttribute.h */,
				03F6B54B1BE869FE00E3C47D /* TBCityCoreTextAttribute.m */,
				03F6B54C1BE869FE00E3C47D /* TBCityCoreTextLabel.h */,
				03F6B54D1BE869FE00E3C47D /* TBCityCoreTextLabel.m */,
				03F6B54E1BE869FE00E3C47D /* TBCityCoreTextManager.h */,
				03F6B54F1BE869FE00E3C47D /* TBCityCoreTextManager.m */,
				03F6B5501BE869FE00E3C47D /* TBCityCoreTextParser.h */,
				03F6B5511BE869FE00E3C47D /* TBCityCoreTextParser.m */,
			);
			path = TBCityCoreText;
			sourceTree = "<group>";
		};
		03F9A49D1BE0E33900E492F6 /* MBProgressHUD */ = {
			isa = PBXGroup;
			children = (
				03F9A49E1BE0E39000E492F6 /* MBProgressHUD.h */,
				03F9A49F1BE0E39000E492F6 /* MBProgressHUD.m */,
			);
			path = MBProgressHUD;
			sourceTree = "<group>";
		};
		03FA194D1BEB2CE500DD1DAC /* MKNetworkKit */ = {
			isa = PBXGroup;
			children = (
				03FA195D1BEB2E4000DD1DAC /* Extensions */,
				03FA194F1BEB2D2A00DD1DAC /* MKCache.h */,
				03FA19501BEB2D2A00DD1DAC /* MKCache.m */,
				03FA19511BEB2D2A00DD1DAC /* MKNetworkHost.h */,
				03FA19521BEB2D2A00DD1DAC /* MKNetworkHost.m */,
				03FA19531BEB2D2A00DD1DAC /* MKNetworkKit.h */,
				03FA19541BEB2D2A00DD1DAC /* MKNetworkRequest.h */,
				03FA19551BEB2D2A00DD1DAC /* MKNetworkRequest.m */,
				03FA19561BEB2D2A00DD1DAC /* MKObject.h */,
				03FA19571BEB2D2A00DD1DAC /* MKObject.m */,
			);
			path = MKNetworkKit;
			sourceTree = "<group>";
		};
		03FA195D1BEB2E4000DD1DAC /* Extensions */ = {
			isa = PBXGroup;
			children = (
				03FA19601BEB2E6300DD1DAC /* NSDate+RFC1123.h */,
				03FA19611BEB2E6300DD1DAC /* NSDate+RFC1123.m */,
				03FA19621BEB2E6300DD1DAC /* NSDictionary+MKNKAdditions.h */,
				03FA19631BEB2E6300DD1DAC /* NSDictionary+MKNKAdditions.m */,
				03FA19641BEB2E6300DD1DAC /* NSHTTPURLResponse+MKNKAdditions.h */,
				03FA19651BEB2E6300DD1DAC /* NSHTTPURLResponse+MKNKAdditions.m */,
				03FA19661BEB2E6300DD1DAC /* NSMutableDictionary+MKNKAdditions.h */,
				03FA19671BEB2E6300DD1DAC /* NSMutableDictionary+MKNKAdditions.m */,
				03FA19681BEB2E6300DD1DAC /* NSString+MKNKAdditions.h */,
				03FA19691BEB2E6300DD1DAC /* NSString+MKNKAdditions.m */,
				03FA196A1BEB2E6300DD1DAC /* UIAlertView+MKNKAdditions.h */,
				03FA196B1BEB2E6300DD1DAC /* UIAlertView+MKNKAdditions.m */,
				03FA196C1BEB2E6300DD1DAC /* UIImageView+MKNKAdditions.h */,
				03FA196D1BEB2E6300DD1DAC /* UIImageView+MKNKAdditions.m */,
			);
			path = Extensions;
			sourceTree = "<group>";
		};
		03FA7D741BEC70EB006E8396 /* 自动布局 */ = {
			isa = PBXGroup;
			children = (
				03FA7D751BEC7144006E8396 /* DMAutoLayoutViewController.h */,
				03FA7D761BEC7144006E8396 /* DMAutoLayoutViewController.m */,
			);
			name = "自动布局";
			path = "demo/自动布局";
			sourceTree = "<group>";
		};
		03FD93C61BDF19D300DCC673 /* IconFont */ = {
			isa = PBXGroup;
			children = (
				03FD93C71BDF1AA100DCC673 /* DMIconFontDef.h */,
				03FD93C81BDF1AA100DCC673 /* iconfont.ttf */,
			);
			path = IconFont;
			sourceTree = "<group>";
		};
		03FD93CA1BDF585900DCC673 /* AJRefreshBase */ = {
			isa = PBXGroup;
			children = (
				03FD93CC1BDF58D300DCC673 /* UIScrollView+AJRefreshBase.h */,
				03FD93CB1BDF58D300DCC673 /* UIScrollView+AJRefreshBase.m */,
				03FD93CE1BDF58D300DCC673 /* AJRefreshViewBase.h */,
				03FD93CD1BDF58D300DCC673 /* AJRefreshViewBase.m */,
				03FD93DB1BDF718C00DCC673 /* AJDeallocObject.h */,
				03FD93DC1BDF718C00DCC673 /* AJDeallocObject.m */,
			);
			path = AJRefreshBase;
			sourceTree = "<group>";
		};
		03FD93D11BDF5CE000DCC673 /* 上下拉刷新 */ = {
			isa = PBXGroup;
			children = (
				03FD93D31BDF5FEA00DCC673 /* UIScrollView+DMRefresh.h */,
				03FD93D21BDF5FEA00DCC673 /* UIScrollView+DMRefresh.m */,
				03FD93D71BDF5FEA00DCC673 /* DMRefreshHeaderView.h */,
				03FD93D41BDF5FEA00DCC673 /* DMRefreshHeaderView.m */,
				03FD93D51BDF5FEA00DCC673 /* DMRefreshFooterView.h */,
				03FD93D61BDF5FEA00DCC673 /* DMRefreshFooterView.m */,
			);
			path = "上下拉刷新";
			sourceTree = "<group>";
		};
		03FFBB591BDE0E43008B51E1 /* 调试 */ = {
			isa = PBXGroup;
			children = (
				03FFBB5B1BDE2F65008B51E1 /* DMStatusBarDebugWindow.h */,
				03FFBB5A1BDE2F65008B51E1 /* DMStatusBarDebugWindow.m */,
				03FFBB611BDE31B6008B51E1 /* 调试首页 */,
			);
			path = "调试";
			sourceTree = "<group>";
		};
		03FFBB5D1BDE3074008B51E1 /* AJUtil */ = {
			isa = PBXGroup;
			children = (
				03FFBB5E1BDE308D008B51E1 /* AJUtil.h */,
				03FFBB5F1BDE308D008B51E1 /* AJUtil.m */,
			);
			path = AJUtil;
			sourceTree = "<group>";
		};
		03FFBB611BDE31B6008B51E1 /* 调试首页 */ = {
			isa = PBXGroup;
			children = (
				03FFBB641BDE31DC008B51E1 /* DMDebugViewController.h */,
				03FFBB621BDE31DC008B51E1 /* DMDebugViewController.m */,
				03FFBB651BDE31DC008B51E1 /* DMDebugViewModel.h */,
				03FFBB631BDE31DC008B51E1 /* DMDebugViewModel.m */,
			);
			path = "调试首页";
			sourceTree = "<group>";
		};
		03FFBB681BDE4B04008B51E1 /* demo */ = {
			isa = PBXGroup;
			children = (
				03FFBB691BDE4B35008B51E1 /* 首页 */,
				03FFBB701BDE5600008B51E1 /* Tab页 */,
			);
			path = demo;
			sourceTree = "<group>";
		};
		03FFBB691BDE4B35008B51E1 /* 首页 */ = {
			isa = PBXGroup;
			children = (
				03FFBB6A1BDE4B8A008B51E1 /* DMHomeViewController.h */,
				03FFBB6B1BDE4B8A008B51E1 /* DMHomeViewController.m */,
				03FFBB6D1BDE4BA6008B51E1 /* DMHomeViewModel.h */,
				03FFBB6E1BDE4BA6008B51E1 /* DMHomeViewModel.m */,
				032D4ECE1C48D61700F9F01C /* DMHomeCellItem.h */,
				032D4ECF1C48D61700F9F01C /* DMHomeCellItem.m */,
				032D4EC51C48A31F00F9F01C /* DMHomeTableView.h */,
				032D4EC61C48A31F00F9F01C /* DMHomeTableView.m */,
				032D4ECB1C48D57600F9F01C /* DMHomeCell.h */,
				032D4ECC1C48D57600F9F01C /* DMHomeCell.m */,
			);
			path = "首页";
			sourceTree = "<group>";
		};
		03FFBB701BDE5600008B51E1 /* Tab页 */ = {
			isa = PBXGroup;
			children = (
				03FFBB711BDE5660008B51E1 /* DMTabHomeViewController.h */,
				03FFBB721BDE5660008B51E1 /* DMTabHomeViewController.m */,
				03FFBB741BDE567B008B51E1 /* DMTabHomeViewModel.h */,
				03FFBB751BDE567B008B51E1 /* DMTabHomeViewModel.m */,
			);
			path = "Tab页";
			sourceTree = "<group>";
		};
		03FFBB771BDE5B22008B51E1 /* AJIconFont */ = {
			isa = PBXGroup;
			children = (
				03FFBB7B1BDE5B90008B51E1 /* AJIconFont.h */,
				03FFBB7C1BDE5B90008B51E1 /* AJIconFont.m */,
			);
			path = AJIconFont;
			sourceTree = "<group>";
		};
/* End PBXGroup section */

/* Begin PBXNativeTarget section */
		0303D6C61BD8C4E30024399D /* MyProject */ = {
			isa = PBXNativeTarget;
			buildConfigurationList = 0303D6EA1BD8C4E40024399D /* Build configuration list for PBXNativeTarget "MyProject" */;
			buildPhases = (
				0303D6C31BD8C4E30024399D /* Sources */,
				0303D6C41BD8C4E30024399D /* Frameworks */,
				0303D6C51BD8C4E30024399D /* Resources */,
			);
			buildRules = (
			);
			dependencies = (
			);
			name = MyProject;
			productName = MyProject;
			productReference = 0303D6C71BD8C4E30024399D /* MyProject.app */;
			productType = "com.apple.product-type.application";
		};
		0303D6DF1BD8C4E40024399D /* MyProjectTests */ = {
			isa = PBXNativeTarget;
			buildConfigurationList = 0303D6ED1BD8C4E40024399D /* Build configuration list for PBXNativeTarget "MyProjectTests" */;
			buildPhases = (
				0303D6DC1BD8C4E40024399D /* Sources */,
				0303D6DD1BD8C4E40024399D /* Frameworks */,
				0303D6DE1BD8C4E40024399D /* Resources */,
			);
			buildRules = (
			);
			dependencies = (
				0303D6E21BD8C4E40024399D /* PBXTargetDependency */,
			);
			name = MyProjectTests;
			productName = MyProjectTests;
			productReference = 0303D6E01BD8C4E40024399D /* MyProjectTests.xctest */;
			productType = "com.apple.product-type.bundle.unit-test";
		};
/* End PBXNativeTarget section */

/* Begin PBXProject section */
		0303D6BF1BD8C4E30024399D /* Project object */ = {
			isa = PBXProject;
			attributes = {
				LastUpgradeCheck = 0640;
				ORGANIZATIONNAME = liangqiang;
				TargetAttributes = {
					0303D6C61BD8C4E30024399D = {
						CreatedOnToolsVersion = 6.4;
					};
					0303D6DF1BD8C4E40024399D = {
						CreatedOnToolsVersion = 6.4;
						TestTargetID = 0303D6C61BD8C4E30024399D;
					};
				};
			};
			buildConfigurationList = 0303D6C21BD8C4E30024399D /* Build configuration list for PBXProject "MyProject" */;
			compatibilityVersion = "Xcode 3.2";
			developmentRegion = English;
			hasScannedForEncodings = 0;
			knownRegions = (
				en,
				Base,
			);
			mainGroup = 0303D6BE1BD8C4E30024399D;
			productRefGroup = 0303D6C81BD8C4E30024399D /* Products */;
			projectDirPath = "";
			projectRoot = "";
			targets = (
				0303D6C61BD8C4E30024399D /* MyProject */,
				0303D6DF1BD8C4E40024399D /* MyProjectTests */,
			);
		};
/* End PBXProject section */

/* Begin PBXResourcesBuildPhase section */
		0303D6C51BD8C4E30024399D /* Resources */ = {
			isa = PBXResourcesBuildPhase;
			buildActionMask = 2147483647;
			files = (
				03FD93C91BDF1AA100DCC673 /* iconfont.ttf in Resources */,
				0303D6D81BD8C4E30024399D /* Images.xcassets in Resources */,
			);
			runOnlyForDeploymentPostprocessing = 0;
		};
		0303D6DE1BD8C4E40024399D /* Resources */ = {
			isa = PBXResourcesBuildPhase;
			buildActionMask = 2147483647;
			files = (
			);
			runOnlyForDeploymentPostprocessing = 0;
		};
/* End PBXResourcesBuildPhase section */

/* Begin PBXSourcesBuildPhase section */
		0303D6C31BD8C4E30024399D /* Sources */ = {
			isa = PBXSourcesBuildPhase;
			buildActionMask = 2147483647;
			files = (
				03FA195C1BEB2D2A00DD1DAC /* MKObject.m in Sources */,
				03FD93D91BDF5FEA00DCC673 /* DMRefreshHeaderView.m in Sources */,
				03FD93D81BDF5FEA00DCC673 /* UIScrollView+DMRefresh.m in Sources */,
				03F6B5541BE869FE00E3C47D /* TBCityCoreTextManager.m in Sources */,
				03FAACF01BF0386200558230 /* Tag方案.md in Sources */,
				03FA194C1BEB113A00DD1DAC /* UIViewController+DMNavi.m in Sources */,
				030900CA1BDB97B70073DAA7 /* DMNaviService.m in Sources */,
				03FD93DA1BDF5FEA00DCC673 /* DMRefreshFooterView.m in Sources */,
				03FA196F1BEB2E6300DD1DAC /* NSDate+RFC1123.m in Sources */,
				0303D7041BD8D9EE0024399D /* 模块文件依赖关系.md in Sources */,
				0303D70E1BD8E0CE0024399D /* UIView+AJAddition.m in Sources */,
				03FA19591BEB2D2A00DD1DAC /* MKCache.m in Sources */,
				03F6B5531BE869FE00E3C47D /* TBCityCoreTextLabel.m in Sources */,
				03FA19701BEB2E6300DD1DAC /* NSDictionary+MKNKAdditions.m in Sources */,
				03FFBB5C1BDE2F65008B51E1 /* DMStatusBarDebugWindow.m in Sources */,
				03FFBB6F1BDE4BA6008B51E1 /* DMHomeViewModel.m in Sources */,
				03F6B5521BE869FE00E3C47D /* TBCityCoreTextAttribute.m in Sources */,
				03FD93D01BDF58D300DCC673 /* AJRefreshViewBase.m in Sources */,
				0303D7101BD8E1970024399D /* 开发规范.md in Sources */,
				0303D7261BD8FC3E0024399D /* NSString+AJAddition.m in Sources */,
				03125BF31C4A7B0D00FFCA26 /* AJTableView.m in Sources */,
				032D4EC71C48A31F00F9F01C /* DMHomeTableView.m in Sources */,
				032D4EC11C47AE5700F9F01C /* NSLayoutConstraint+PureLayout.m in Sources */,
				03FFBB7D1BDE5B90008B51E1 /* AJIconFont.m in Sources */,
				03517AB71C1534CE00B64AC5 /* DMAnimation1ViewController.m in Sources */,
				032D4EC01C47AE5700F9F01C /* NSArray+PureLayout.m in Sources */,
				031640321BE2449E00526D8A /* AJSettings.m in Sources */,
				03517AC51C17CEE200B64AC5 /* UIScrollView+AJAddition.m in Sources */,
				0303D6F91BD8CE3E0024399D /* md文件格式.md in Sources */,
				03FFBB601BDE308D008B51E1 /* AJUtil.m in Sources */,
				03FFBB6C1BDE4B8A008B51E1 /* DMHomeViewController.m in Sources */,
				03FFBB671BDE31DC008B51E1 /* DMDebugViewModel.m in Sources */,
				03FA195B1BEB2D2A00DD1DAC /* MKNetworkRequest.m in Sources */,
				03125BF21C4A7B0D00FFCA26 /* AJSectionItem.m in Sources */,
				03915E791BE9DC2600D77F5F /* DMUICommon.m in Sources */,
				0303D7181BD8FADA0024399D /* NSObject+AJAddition.m in Sources */,
				032D4EBF1C47AE5700F9F01C /* ALView+PureLayout.m in Sources */,
				0303D6D01BD8C4E30024399D /* AppDelegate.m in Sources */,
				032D4EB41C47A94500F9F01C /* NSObject+AJViewModel.m in Sources */,
				032D4ECD1C48D57600F9F01C /* DMHomeCell.m in Sources */,
				0303D7271BD8FC3E0024399D /* UIImage+AJAddition.m in Sources */,
				03F6B5581BE86A3700E3C47D /* TBCityColorManager.m in Sources */,
				0303D7151BD8E6060024399D /* AJColorManager.m in Sources */,
				03FA19751BEB2E6300DD1DAC /* UIImageView+MKNKAdditions.m in Sources */,
				0303D6F71BD8CE1F0024399D /* README.md in Sources */,
				03FA7D791BEC73C1006E8396 /* 相对布局方案.md in Sources */,
				03517AB91C1538BC00B64AC5 /* ios动画.md in Sources */,
				03FA7D771BEC7144006E8396 /* DMAutoLayoutViewController.m in Sources */,
				0303D6CD1BD8C4E30024399D /* main.m in Sources */,
				03F6B55B1BE8970700E3C47D /* TBCityCoreTextDemoViewController.m in Sources */,
				0303D7231BD8FC3E0024399D /* UIControl+AJAddition.m in Sources */,
				03F9A4A01BE0E39000E492F6 /* MBProgressHUD.m in Sources */,
				03FA19741BEB2E6300DD1DAC /* UIAlertView+MKNKAdditions.m in Sources */,
				03FA195A1BEB2D2A00DD1DAC /* MKNetworkHost.m in Sources */,
				03FFBB761BDE567B008B51E1 /* DMTabHomeViewModel.m in Sources */,
				031640261BE206D800526D8A /* UINavigationController+FDFullscreenPopGesture.m in Sources */,
				03FFBB661BDE31DC008B51E1 /* DMDebugViewController.m in Sources */,
				03FD93DD1BDF718C00DCC673 /* AJDeallocObject.m in Sources */,
				03FA19731BEB2E6300DD1DAC /* NSString+MKNKAdditions.m in Sources */,
				03FFBB731BDE5660008B51E1 /* DMTabHomeViewController.m in Sources */,
				03517ABC1C16C48500B64AC5 /* DMImageViewAnimation.m in Sources */,
				032D4ED01C48D61700F9F01C /* DMHomeCellItem.m in Sources */,
				0303D7241BD8FC3E0024399D /* UILabel+AJAddition.m in Sources */,
				037635661C02224E00F9E1BF /* 布局方法探讨.md in Sources */,
				03517ABF1C16D45100B64AC5 /* APRoundedButton.m in Sources */,
				03FA19721BEB2E6300DD1DAC /* NSMutableDictionary+MKNKAdditions.m in Sources */,
				03FD93CF1BDF58D300DCC673 /* UIScrollView+AJRefreshBase.m in Sources */,
				03F6B5551BE869FE00E3C47D /* TBCityCoreTextParser.m in Sources */,
				03FA19711BEB2E6300DD1DAC /* NSHTTPURLResponse+MKNKAdditions.m in Sources */,
			);
			runOnlyForDeploymentPostprocessing = 0;
		};
		0303D6DC1BD8C4E40024399D /* Sources */ = {
			isa = PBXSourcesBuildPhase;
			buildActionMask = 2147483647;
			files = (
				0303D6E71BD8C4E40024399D /* MyProjectTests.m in Sources */,
			);
			runOnlyForDeploymentPostprocessing = 0;
		};
/* End PBXSourcesBuildPhase section */

/* Begin PBXTargetDependency section */
		0303D6E21BD8C4E40024399D /* PBXTargetDependency */ = {
			isa = PBXTargetDependency;
			target = 0303D6C61BD8C4E30024399D /* MyProject */;
			targetProxy = 0303D6E11BD8C4E40024399D /* PBXContainerItemProxy */;
		};
/* End PBXTargetDependency section */

/* Begin XCBuildConfiguration section */
		0303D6E81BD8C4E40024399D /* Debug */ = {
			isa = XCBuildConfiguration;
			buildSettings = {
				ALWAYS_SEARCH_USER_PATHS = NO;
				CLANG_CXX_LANGUAGE_STANDARD = "gnu++0x";
				CLANG_CXX_LIBRARY = "libc++";
				CLANG_ENABLE_MODULES = YES;
				CLANG_ENABLE_OBJC_ARC = YES;
				CLANG_WARN_BOOL_CONVERSION = YES;
				CLANG_WARN_CONSTANT_CONVERSION = YES;
				CLANG_WARN_DIRECT_OBJC_ISA_USAGE = YES_ERROR;
				CLANG_WARN_EMPTY_BODY = YES;
				CLANG_WARN_ENUM_CONVERSION = YES;
				CLANG_WARN_INT_CONVERSION = YES;
				CLANG_WARN_OBJC_ROOT_CLASS = YES_ERROR;
				CLANG_WARN_UNREACHABLE_CODE = YES;
				CLANG_WARN__DUPLICATE_METHOD_MATCH = YES;
				"CODE_SIGN_IDENTITY[sdk=iphoneos*]" = "iPhone Developer";
				COPY_PHASE_STRIP = NO;
				DEBUG_INFORMATION_FORMAT = "dwarf-with-dsym";
				ENABLE_STRICT_OBJC_MSGSEND = YES;
				GCC_C_LANGUAGE_STANDARD = gnu99;
				GCC_DYNAMIC_NO_PIC = NO;
				GCC_NO_COMMON_BLOCKS = YES;
				GCC_OPTIMIZATION_LEVEL = 0;
				GCC_PREPROCESSOR_DEFINITIONS = (
					"DEBUG=1",
					"$(inherited)",
				);
				GCC_SYMBOLS_PRIVATE_EXTERN = NO;
				GCC_WARN_64_TO_32_BIT_CONVERSION = YES;
				GCC_WARN_ABOUT_RETURN_TYPE = YES_ERROR;
				GCC_WARN_UNDECLARED_SELECTOR = YES;
				GCC_WARN_UNINITIALIZED_AUTOS = YES_AGGRESSIVE;
				GCC_WARN_UNUSED_FUNCTION = YES;
				GCC_WARN_UNUSED_VARIABLE = YES;
				IPHONEOS_DEPLOYMENT_TARGET = 8.4;
				MTL_ENABLE_DEBUG_INFO = YES;
				ONLY_ACTIVE_ARCH = YES;
				SDKROOT = iphoneos;
				TARGETED_DEVICE_FAMILY = "1,2";
			};
			name = Debug;
		};
		0303D6E91BD8C4E40024399D /* Release */ = {
			isa = XCBuildConfiguration;
			buildSettings = {
				ALWAYS_SEARCH_USER_PATHS = NO;
				CLANG_CXX_LANGUAGE_STANDARD = "gnu++0x";
				CLANG_CXX_LIBRARY = "libc++";
				CLANG_ENABLE_MODULES = YES;
				CLANG_ENABLE_OBJC_ARC = YES;
				CLANG_WARN_BOOL_CONVERSION = YES;
				CLANG_WARN_CONSTANT_CONVERSION = YES;
				CLANG_WARN_DIRECT_OBJC_ISA_USAGE = YES_ERROR;
				CLANG_WARN_EMPTY_BODY = YES;
				CLANG_WARN_ENUM_CONVERSION = YES;
				CLANG_WARN_INT_CONVERSION = YES;
				CLANG_WARN_OBJC_ROOT_CLASS = YES_ERROR;
				CLANG_WARN_UNREACHABLE_CODE = YES;
				CLANG_WARN__DUPLICATE_METHOD_MATCH = YES;
				"CODE_SIGN_IDENTITY[sdk=iphoneos*]" = "iPhone Developer";
				COPY_PHASE_STRIP = NO;
				DEBUG_INFORMATION_FORMAT = "dwarf-with-dsym";
				ENABLE_NS_ASSERTIONS = NO;
				ENABLE_STRICT_OBJC_MSGSEND = YES;
				GCC_C_LANGUAGE_STANDARD = gnu99;
				GCC_NO_COMMON_BLOCKS = YES;
				GCC_WARN_64_TO_32_BIT_CONVERSION = YES;
				GCC_WARN_ABOUT_RETURN_TYPE = YES_ERROR;
				GCC_WARN_UNDECLARED_SELECTOR = YES;
				GCC_WARN_UNINITIALIZED_AUTOS = YES_AGGRESSIVE;
				GCC_WARN_UNUSED_FUNCTION = YES;
				GCC_WARN_UNUSED_VARIABLE = YES;
				IPHONEOS_DEPLOYMENT_TARGET = 8.4;
				MTL_ENABLE_DEBUG_INFO = NO;
				SDKROOT = iphoneos;
				TARGETED_DEVICE_FAMILY = "1,2";
				VALIDATE_PRODUCT = YES;
			};
			name = Release;
		};
		0303D6EB1BD8C4E40024399D /* Debug */ = {
			isa = XCBuildConfiguration;
			buildSettings = {
				ASSETCATALOG_COMPILER_APPICON_NAME = AppIcon;
				GCC_PREFIX_HEADER = MyProject/MyProject.pch;
				INFOPLIST_FILE = MyProject/Info.plist;
				LD_RUNPATH_SEARCH_PATHS = "$(inherited) @executable_path/Frameworks";
				PRODUCT_NAME = "$(TARGET_NAME)";
			};
			name = Debug;
		};
		0303D6EC1BD8C4E40024399D /* Release */ = {
			isa = XCBuildConfiguration;
			buildSettings = {
				ASSETCATALOG_COMPILER_APPICON_NAME = AppIcon;
				GCC_PREFIX_HEADER = MyProject/MyProject.pch;
				INFOPLIST_FILE = MyProject/Info.plist;
				LD_RUNPATH_SEARCH_PATHS = "$(inherited) @executable_path/Frameworks";
				PRODUCT_NAME = "$(TARGET_NAME)";
			};
			name = Release;
		};
		0303D6EE1BD8C4E40024399D /* Debug */ = {
			isa = XCBuildConfiguration;
			buildSettings = {
				BUNDLE_LOADER = "$(TEST_HOST)";
				FRAMEWORK_SEARCH_PATHS = (
					"$(SDKROOT)/Developer/Library/Frameworks",
					"$(inherited)",
				);
				GCC_PREPROCESSOR_DEFINITIONS = (
					"DEBUG=1",
					"$(inherited)",
				);
				INFOPLIST_FILE = MyProjectTests/Info.plist;
				LD_RUNPATH_SEARCH_PATHS = "$(inherited) @executable_path/Frameworks @loader_path/Frameworks";
				PRODUCT_NAME = "$(TARGET_NAME)";
				TEST_HOST = "$(BUILT_PRODUCTS_DIR)/MyProject.app/MyProject";
			};
			name = Debug;
		};
		0303D6EF1BD8C4E40024399D /* Release */ = {
			isa = XCBuildConfiguration;
			buildSettings = {
				BUNDLE_LOADER = "$(TEST_HOST)";
				FRAMEWORK_SEARCH_PATHS = (
					"$(SDKROOT)/Developer/Library/Frameworks",
					"$(inherited)",
				);
				INFOPLIST_FILE = MyProjectTests/Info.plist;
				LD_RUNPATH_SEARCH_PATHS = "$(inherited) @executable_path/Frameworks @loader_path/Frameworks";
				PRODUCT_NAME = "$(TARGET_NAME)";
				TEST_HOST = "$(BUILT_PRODUCTS_DIR)/MyProject.app/MyProject";
			};
			name = Release;
		};
/* End XCBuildConfiguration section */

/* Begin XCConfigurationList section */
		0303D6C21BD8C4E30024399D /* Build configuration list for PBXProject "MyProject" */ = {
			isa = XCConfigurationList;
			buildConfigurations = (
				0303D6E81BD8C4E40024399D /* Debug */,
				0303D6E91BD8C4E40024399D /* Release */,
			);
			defaultConfigurationIsVisible = 0;
			defaultConfigurationName = Release;
		};
		0303D6EA1BD8C4E40024399D /* Build configuration list for PBXNativeTarget "MyProject" */ = {
			isa = XCConfigurationList;
			buildConfigurations = (
				0303D6EB1BD8C4E40024399D /* Debug */,
				0303D6EC1BD8C4E40024399D /* Release */,
			);
			defaultConfigurationIsVisible = 0;
			defaultConfigurationName = Release;
		};
		0303D6ED1BD8C4E40024399D /* Build configuration list for PBXNativeTarget "MyProjectTests" */ = {
			isa = XCConfigurationList;
			buildConfigurations = (
				0303D6EE1BD8C4E40024399D /* Debug */,
				0303D6EF1BD8C4E40024399D /* Release */,
			);
			defaultConfigurationIsVisible = 0;
			defaultConfigurationName = Release;
		};
/* End XCConfigurationList section */
	};
	rootObject = 0303D6BF1BD8C4E30024399D /* Project object */;
}
